github.com/pion/randutil v0.1.0 h1:CFG1UdESneORglEsnimhUjf33Rwjubwj6xfiOXBa3mA=
github.com/pion/randutil v0.1.0/go.mod h1:XcJrSMMbbMRhASFVOlj/5hQial/Y8oH/HVo7TBZq+j8=
github.com/pion/rtcp v1.2.16 h1:fk1B1dNW4hsI78XUCljZJlC4kZOPk67mNRuQ0fcEkSo=
github.com/pion/rtcp v1.2.16/go.mod h1:/as7VKfYbs5NIb4h6muQ35kQF/J0ZVNz2Z3xKoCBYOo=
github.com/pion/rtp v1.10.1 h1:xP1prZcCTUuhO2c83XtxyOHJteISg6o8iPsE2acaMtA=
github.com/pion/rtp v1.10.1/go.mod h1:rF5nS1GqbR7H/TCpKwylzeq6yDM+MM6k+On5EgeThEM=
github.com/pion/sdp/v3 v3.0.18 h1:l0bAXazKHpepazVdp+tPYnrsy9dfh7ZbT8DxesH5ZnI=
github.com/pion/sdp/v3 v3.0.18/go.mod h1:ZREGo6A9ZygQ9XkqAj5xYCQtQpif0i6Pa81HOiAdqQ8=
